
Microsoft Visual Studio Solution File, Format Version 12.00
# Visual Studio 2013
VisualStudioVersion = 12.0.30501.0
MinimumVisualStudioVersion = 10.0.40219.1
Project("{FAE04EC0-301F-11D3-BF4B-00C04F79EFBC}") = "LEDControlNet", "LEDControlNet\LEDControlNet.csproj", "{DE8DDC47-C97D-47BE-80B3-899BDE0ECBBF}"
EndProject
Project("{FAE04EC0-301F-11D3-BF4B-00C04F79EFBC}") = "LEDUserControl", "LEDUserControl\LEDUserControl.csproj", "{094E437A-6D30-4162-A70C-446EF810484E}"
EndProject
Global
	GlobalSection(SolutionConfigurationPlatforms) = preSolution
		Debug|Any CPU = Debug|Any CPU
		Release|Any CPU = Release|Any CPU
	EndGlobalSection
	GlobalSection(ProjectConfigurationPlatforms) = postSolution
		{DE8DDC47-C97D-47BE-80B3-899BDE0ECBBF}.Debug|Any CPU.ActiveCfg = Debug|Any CPU
		{DE8DDC47-C97D-47BE-80B3-899BDE0ECBBF}.Debug|Any CPU.Build.0 = Debug|Any CPU
		{DE8DDC47-C97D-47BE-80B3-899BDE0ECBBF}.Release|Any CPU.ActiveCfg = Release|Any CPU
		{DE8DDC47-C97D-47BE-80B3-899BDE0ECBBF}.Release|Any CPU.Build.0 = Release|Any CPU
		{094E437A-6D30-4162-A70C-446EF810484E}.Debug|Any CPU.ActiveCfg = Debug|Any CPU
		{094E437A-6D30-4162-A70C-446EF810484E}.Debug|Any CPU.Build.0 = Debug|Any CPU
		{094E437A-6D30-4162-A70C-446EF810484E}.Release|Any CPU.ActiveCfg = Release|Any CPU
		{094E437A-6D30-4162-A70C-446EF810484E}.Release|Any CPU.Build.0 = Release|Any CPU
	EndGlobalSection
	GlobalSection(SolutionProperties) = preSolution
		HideSolutionNode = FALSE
	EndGlobalSection
EndGlobal
